// !$*UTF8*$!
{
	archiveVersion = 1;
	classes = {
	};
	objectVersion = 46;
	objects = {

/* Begin PBXBuildFile section */
		DF9430B51A003A98007637B9 /* Foundation.framework in Frameworks */ = {isa = PBXBuildFile; fileRef = DF9430B41A003A98007637B9 /* Foundation.framework */; };
		DF9430B71A003A98007637B9 /* CoreGraphics.framework in Frameworks */ = {isa = PBXBuildFile; fileRef = DF9430B61A003A98007637B9 /* CoreGraphics.framework */; };
		DF9430B91A003A98007637B9 /* UIKit.framework in Frameworks */ = {isa = PBXBuildFile; fileRef = DF9430B81A003A98007637B9 /* UIKit.framework */; };
		DF9430BF1A003A99007637B9 /* InfoPlist.strings in Resources */ = {isa = PBXBuildFile; fileRef = DF9430BD1A003A99007637B9 /* InfoPlist.strings */; };
		DF9430C11A003A99007637B9 /* main.m in Sources */ = {isa = PBXBuildFile; fileRef = DF9430C01A003A99007637B9 /* main.m */; };
		DF9430C51A003A99007637B9 /* DTAppDelegate.m in Sources */ = {isa = PBXBuildFile; fileRef = DF9430C41A003A99007637B9 /* DTAppDelegate.m */; };
		DF9430C81A003A99007637B9 /* Main.storyboard in Resources */ = {isa = PBXBuildFile; fileRef = DF9430C61A003A99007637B9 /* Main.storyboard */; };
		DF9430CB1A003A99007637B9 /* DTViewController.m in Sources */ = {isa = PBXBuildFile; fileRef = DF9430CA1A003A99007637B9 /* DTViewController.m */; };
		DF9430CD1A003A99007637B9 /* Images.xcassets in Resources */ = {isa = PBXBuildFile; fileRef = DF9430CC1A003A99007637B9 /* Images.xcassets */; };
		DF9430D41A003A99007637B9 /* XCTest.framework in Frameworks */ = {isa = PBXBuildFile; fileRef = DF9430D31A003A99007637B9 /* XCTest.framework */; };
		DF9430D51A003A99007637B9 /* Foundation.framework in Frameworks */ = {isa = PBXBuildFile; fileRef = DF9430B41A003A98007637B9 /* Foundation.framework */; };
		DF9430D61A003A99007637B9 /* UIKit.framework in Frameworks */ = {isa = PBXBuildFile; fileRef = DF9430B81A003A98007637B9 /* UIKit.framework */; };
		DF9430DE1A003A99007637B9 /* InfoPlist.strings in Resources */ = {isa = PBXBuildFile; fileRef = DF9430DC1A003A99007637B9 /* InfoPlist.strings */; };
		DF9430E01A003A99007637B9 /* ComDemoTests.m in Sources */ = {isa = PBXBuildFile; fileRef = DF9430DF1A003A99007637B9 /* ComDemoTests.m */; };
/* End PBXBuildFile section */

/* Begin PBXContainerItemProxy section */
		DF9430D71A003A99007637B9 /* PBXContainerItemProxy */ = {
			isa = PBXContainerItemProxy;
			containerPortal = DF9430A91A003A98007637B9 /* Project object */;
			proxyType = 1;
			remoteGlobalIDString = DF9430B01A003A98007637B9;
			remoteInfo = ComDemo;
		};
/* End PBXContainerItemProxy section */

/* Begin PBXFileReference section */
		DF9430B11A003A98007637B9 /* ComDemo.app */ = {isa = PBXFileReference; explicitFileType = wrapper.application; includeInIndex = 0; path = ComDemo.app; sourceTree = BUILT_PRODUCTS_DIR; };
		DF9430B41A003A98007637B9 /* Foundation.framework */ = {isa = PBXFileReference; lastKnownFileType = wrapper.framework; name = Foundation.framework; path = System/Library/Frameworks/Foundation.framework; sourceTree = SDKROOT; };
		DF9430B61A003A98007637B9 /* CoreGraphics.framework */ = {isa = PBXFileReference; lastKnownFileType = wrapper.framework; name = CoreGraphics.framework; path = System/Library/Frameworks/CoreGraphics.framework; sourceTree = SDKROOT; };
		DF9430B81A003A98007637B9 /* UIKit.framework */ = {isa = PBXFileReference; lastKnownFileType = wrapper.framework; name = UIKit.framework; path = System/Library/Frameworks/UIKit.framework; sourceTree = SDKROOT; };
		DF9430BC1A003A99007637B9 /* ComDemo-Info.plist */ = {isa = PBXFileReference; lastKnownFileType = text.plist.xml; path = "ComDemo-Info.plist"; sourceTree = "<group>"; };
		DF9430BE1A003A99007637B9 /* en */ = {isa = PBXFileReference; lastKnownFileType = text.plist.strings; name = en; path = en.lproj/InfoPlist.strings; sourceTree = "<group>"; };
		DF9430C01A003A99007637B9 /* main.m */ = {isa = PBXFileReference; lastKnownFileType = sourcecode.c.objc; path = main.m; sourceTree = "<group>"; };
		DF9430C21A003A99007637B9 /* ComDemo-Prefix.pch */ = {isa = PBXFileReference; lastKnownFileType = sourcecode.c.h; path = "ComDemo-Prefix.pch"; sourceTree = "<group>"; };
		DF9430C31A003A99007637B9 /* DTAppDelegate.h */ = {isa = PBXFileReference; lastKnownFileType = sourcecode.c.h; path = DTAppDelegate.h; sourceTree = "<group>"; };
		DF9430C41A003A99007637B9 /* DTAppDelegate.m */ = {isa = PBXFileReference; lastKnownFileType = sourcecode.c.objc; path = DTAppDelegate.m; sourceTree = "<group>"; };
		DF9430C71A003A99007637B9 /* Base */ = {isa = PBXFileReference; lastKnownFileType = file.storyboard; name = Base; path = Base.lproj/Main.storyboard; sourceTree = "<group>"; };
		DF9430C91A003A99007637B9 /* DTViewController.h */ = {isa = PBXFileReference; lastKnownFileType = sourcecode.c.h; path = DTViewController.h; sourceTree = "<group>"; };
		DF9430CA1A003A99007637B9 /* DTViewController.m */ = {isa = PBXFileReference; lastKnownFileType = sourcecode.c.objc; path = DTViewController.m; sourceTree = "<group>"; };
		DF9430CC1A003A99007637B9 /* Images.xcassets */ = {isa = PBXFileReference; lastKnownFileType = folder.assetcatalog; path = Images.xcassets; sourceTree = "<group>"; };
		DF9430D21A003A99007637B9 /* ComDemoTests.xctest */ = {isa = PBXFileReference; explicitFileType = wrapper.cfbundle; includeInIndex = 0; path = ComDemoTests.xctest; sourceTree = BUILT_PRODUCTS_DIR; };
		DF9430D31A003A99007637B9 /* XCTest.framework */ = {isa = PBXFileReference; lastKnownFileType = wrapper.framework; name = XCTest.framework; path = Library/Frameworks/XCTest.framework; sourceTree = DEVELOPER_DIR; };
		DF9430DB1A003A99007637B9 /* ComDemoTests-Info.plist */ = {isa = PBXFileReference; lastKnownFileType = text.plist.xml; path = "ComDemoTests-Info.plist"; sourceTree = "<group>"; };
		DF9430DD1A003A99007637B9 /* en */ = {isa = PBXFileReference; lastKnownFileType = text.plist.strings; name = en; path = en.lproj/InfoPlist.strings; sourceTree = "<group>"; };
		DF9430DF1A003A99007637B9 /* ComDemoTests.m */ = {isa = PBXFileReference; lastKnownFileType = sourcecode.c.objc; path = ComDemoTests.m; sourceTree = "<group>"; };
/* End PBXFileReference section */

/* Begin PBXFrameworksBuildPhase section */
		DF9430AE1A003A98007637B9 /* Frameworks */ = {
			isa = PBXFrameworksBuildPhase;
			buildActionMask = 2147483647;
			files = (
				DF9430B71A003A98007637B9 /* CoreGraphics.framework in Frameworks */,
				DF9430B91A003A98007637B9 /* UIKit.framework in Frameworks */,
				DF9430B51A003A98007637B9 /* Foundation.framework in Frameworks */,
			);
			runOnlyForDeploymentPostprocessing = 0;
		};
		DF9430CF1A003A99007637B9 /* Frameworks */ = {
			isa = PBXFrameworksBuildPhase;
			buildActionMask = 2147483647;
			files = (
				DF9430D41A003A99007637B9 /* XCTest.framework in Frameworks */,
				DF9430D61A003A99007637B9 /* UIKit.framework in Frameworks */,
				DF9430D51A003A99007637B9 /* Foundation.framework in Frameworks */,
			);
			runOnlyForDeploymentPostprocessing = 0;
		};
/* End PBXFrameworksBuildPhase section */

/* Begin PBXGroup section */
		DF9430A81A003A98007637B9 = {
			isa = PBXGroup;
			children = (
				DF9430BA1A003A99007637B9 /* ComDemo */,
				DF9430D91A003A99007637B9 /* ComDemoTests */,
				DF9430B31A003A98007637B9 /* Frameworks */,
				DF9430B21A003A98007637B9 /* Products */,
			);
			sourceTree = "<group>";
		};
		DF9430B21A003A98007637B9 /* Products */ = {
			isa = PBXGroup;
			children = (
				DF9430B11A003A98007637B9 /* ComDemo.app */,
				DF9430D21A003A99007637B9 /* ComDemoTests.xctest */,
			);
			name = Products;
			sourceTree = "<group>";
		};
		DF9430B31A003A98007637B9 /* Frameworks */ = {
			isa = PBXGroup;
			children = (
				DF9430B41A003A98007637B9 /* Foundation.framework */,
				DF9430B61A003A98007637B9 /* CoreGraphics.framework */,
				DF9430B81A003A98007637B9 /* UIKit.framework */,
				DF9430D31A003A99007637B9 /* XCTest.framework */,
			);
			name = Frameworks;
			sourceTree = "<group>";
		};
		DF9430BA1A003A99007637B9 /* ComDemo */ = {
			isa = PBXGroup;
			children = (
				DF9430C31A003A99007637B9 /* DTAppDelegate.h */,
				DF9430C41A003A99007637B9 /* DTAppDelegate.m */,
				DF9430C61A003A99007637B9 /* Main.storyboard */,
				DF9430C91A003A99007637B9 /* DTViewController.h */,
				DF9430CA1A003A99007637B9 /* DTViewController.m */,
				DF9430CC1A003A99007637B9 /* Images.xcassets */,
				DF9430BB1A003A99007637B9 /* Supporting Files */,
			);
			path = ComDemo;
			sourceTree = "<group>";
		};
		DF9430BB1A003A99007637B9 /* Supporting Files */ = {
			isa = PBXGroup;
			children = (
				DF9430BC1A003A99007637B9 /* ComDemo-Info.plist */,
				DF9430BD1A003A99007637B9 /* InfoPlist.strings */,
				DF9430C01A003A99007637B9 /* main.m */,
				DF9430C21A003A99007637B9 /* ComDemo-Prefix.pch */,
			);
			name = "Supporting Files";
			sourceTree = "<group>";
		};
		DF9430D91A003A99007637B9 /* ComDemoTests */ = {
			isa = PBXGroup;
			children = (
				DF9430DF1A003A99007637B9 /* ComDemoTests.m */,
				DF9430DA1A003A99007637B9 /* Supporting Files */,
			);
			path = ComDemoTests;
			sourceTree = "<group>";
		};
		DF9430DA1A003A99007637B9 /* Supporting Files */ = {
			isa = PBXGroup;
			children = (
				DF9430DB1A003A99007637B9 /* ComDemoTests-Info.plist */,
				DF9430DC1A003A99007637B9 /* InfoPlist.strings */,
			);
			name = "Supporting Files";
			sourceTree = "<group>";
		};
/* End PBXGroup section */

/* Begin PBXNativeTarget section */
		DF9430B01A003A98007637B9 /* ComDemo */ = {
			isa = PBXNativeTarget;
			buildConfigurationList = DF9430E31A003A99007637B9 /* Build configuration list for PBXNativeTarget "ComDemo" */;
			buildPhases = (
				DF9430AD1A003A98007637B9 /* Sources */,
				DF9430AE1A003A98007637B9 /* Frameworks */,
				DF9430AF1A003A98007637B9 /* Resources */,
			);
			buildRules = (
			);
			dependencies = (
			);
			name = ComDemo;
			productName = ComDemo;
			productReference = DF9430B11A003A98007637B9 /* ComDemo.app */;
			productType = "com.apple.product-type.application";
		};
		DF9430D11A003A99007637B9 /* ComDemoTests */ = {
			isa = PBXNativeTarget;
			buildConfigurationList = DF9430E61A003A99007637B9 /* Build configuration list for PBXNativeTarget "ComDemoTests" */;
			buildPhases = (
				DF9430CE1A003A99007637B9 /* Sources */,
				DF9430CF1A003A99007637B9 /* Frameworks */,
				DF9430D01A003A99007637B9 /* Resources */,
			);
			buildRules = (
			);
			dependencies = (
				DF9430D81A003A99007637B9 /* PBXTargetDependency */,
			);
			name = ComDemoTests;
			productName = ComDemoTests;
			productReference = DF9430D21A003A99007637B9 /* ComDemoTests.xctest */;
			productType = "com.apple.product-type.bundle.unit-test";
		};
/* End PBXNativeTarget section */

/* Begin PBXProject section */
		DF9430A91A003A98007637B9 /* Project object */ = {
			isa = PBXProject;
			attributes = {
				CLASSPREFIX = DT;
				LastUpgradeCheck = 0510;
				ORGANIZATIONNAME = DocTalk;
				TargetAttributes = {
					DF9430D11A003A99007637B9 = {
						TestTargetID = DF9430B01A003A98007637B9;
					};
				};
			};
			buildConfigurationList = DF9430AC1A003A98007637B9 /* Build configuration list for PBXProject "ComDemo" */;
			compatibilityVersion = "Xcode 3.2";
			developmentRegion = English;
			hasScannedForEncodings = 0;
			knownRegions = (
				en,
				Base,
			);
			mainGroup = DF9430A81A003A98007637B9;
			productRefGroup = DF9430B21A003A98007637B9 /* Products */;
			projectDirPath = "";
			projectRoot = "";
			targets = (
				DF9430B01A003A98007637B9 /* ComDemo */,
				DF9430D11A003A99007637B9 /* ComDemoTests */,
			);
		};
/* End PBXProject section */

/* Begin PBXResourcesBuildPhase section */
		DF9430AF1A003A98007637B9 /* Resources */ = {
			isa = PBXResourcesBuildPhase;
			buildActionMask = 2147483647;
			files = (
				DF9430CD1A003A99007637B9 /* Images.xcassets in Resources */,
				DF9430BF1A003A99007637B9 /* InfoPlist.strings in Resources */,
				DF9430C81A003A99007637B9 /* Main.storyboard in Resources */,
			);
			runOnlyForDeploymentPostprocessing = 0;
		};
		DF9430D01A003A99007637B9 /* Resources */ = {
			isa = PBXResourcesBuildPhase;
			buildActionMask = 2147483647;
			files = (
				DF9430DE1A003A99007637B9 /* InfoPlist.strings in Resources */,
			);
			runOnlyForDeploymentPostprocessing = 0;
		};
/* End PBXResourcesBuildPhase section */

/* Begin PBXSourcesBuildPhase section */
		DF9430AD1A003A98007637B9 /* Sources */ = {
			isa = PBXSourcesBuildPhase;
			buildActionMask = 2147483647;
			files = (
				DF9430C51A003A99007637B9 /* DTAppDelegate.m in Sources */,
				DF9430CB1A003A99007637B9 /* DTViewController.m in Sources */,
				DF9430C11A003A99007637B9 /* main.m in Sources */,
			);
			runOnlyForDeploymentPostprocessing = 0;
		};
		DF9430CE1A003A99007637B9 /* Sources */ = {
			isa = PBXSourcesBuildPhase;
			buildActionMask = 2147483647;
			files = (
				DF9430E01A003A99007637B9 /* ComDemoTests.m in Sources */,
			);
			runOnlyForDeploymentPostprocessing = 0;
		};
/* End PBXSourcesBuildPhase section */

/* Begin PBXTargetDependency section */
		DF9430D81A003A99007637B9 /* PBXTargetDependency */ = {
			isa = PBXTargetDependency;
			target = DF9430B01A003A98007637B9 /* ComDemo */;
			targetProxy = DF9430D71A003A99007637B9 /* PBXContainerItemProxy */;
		};
/* End PBXTargetDependency section */

/* Begin PBXVariantGroup section */
		DF9430BD1A003A99007637B9 /* InfoPlist.strings */ = {
			isa = PBXVariantGroup;
			children = (
				DF9430BE1A003A99007637B9 /* en */,
			);
			name = InfoPlist.strings;
			sourceTree = "<group>";
		};
		DF9430C61A003A99007637B9 /* Main.storyboard */ = {
			isa = PBXVariantGroup;
			children = (
				DF9430C71A003A99007637B9 /* Base */,
			);
			name = Main.storyboard;
			sourceTree = "<group>";
		};
		DF9430DC1A003A99007637B9 /* InfoPlist.strings */ = {
			isa = PBXVariantGroup;
			children = (
				DF9430DD1A003A99007637B9 /* en */,
			);
			name = InfoPlist.strings;
			sourceTree = "<group>";
		};
/* End PBXVariantGroup section */

/* Begin XCBuildConfiguration section */
		DF9430E11A003A99007637B9 /* Debug */ = {
			isa = XCBuildConfiguration;
			buildSettings = {
				ALWAYS_SEARCH_USER_PATHS = NO;
				CLANG_CXX_LANGUAGE_STANDARD = "gnu++0x";
				CLANG_CXX_LIBRARY = "libc++";
				CLANG_ENABLE_MODULES = YES;
				CLANG_ENABLE_OBJC_ARC = YES;
				CLANG_WARN_BOOL_CONVERSION = YES;
				CLANG_WARN_CONSTANT_CONVERSION = YES;
				CLANG_WARN_DIRECT_OBJC_ISA_USAGE = YES_ERROR;
				CLANG_WARN_EMPTY_BODY = YES;
				CLANG_WARN_ENUM_CONVERSION = YES;
				CLANG_WARN_INT_CONVERSION = YES;
				CLANG_WARN_OBJC_ROOT_CLASS = YES_ERROR;
				CLANG_WARN__DUPLICATE_METHOD_MATCH = YES;
				"CODE_SIGN_IDENTITY[sdk=iphoneos*]" = "iPhone Developer";
				COPY_PHASE_STRIP = NO;
				GCC_C_LANGUAGE_STANDARD = gnu99;
				GCC_DYNAMIC_NO_PIC = NO;
				GCC_OPTIMIZATION_LEVEL = 0;
				GCC_PREPROCESSOR_DEFINITIONS = (
					"DEBUG=1",
					"$(inherited)",
				);
				GCC_SYMBOLS_PRIVATE_EXTERN = NO;
				GCC_WARN_64_TO_32_BIT_CONVERSION = YES;
				GCC_WARN_ABOUT_RETURN_TYPE = YES_ERROR;
				GCC_WARN_UNDECLARED_SELECTOR = YES;
				GCC_WARN_UNINITIALIZED_AUTOS = YES_AGGRESSIVE;
				GCC_WARN_UNUSED_FUNCTION = YES;
				GCC_WARN_UNUSED_VARIABLE = YES;
				IPHONEOS_DEPLOYMENT_TARGET = 7.1;
				ONLY_ACTIVE_ARCH = YES;
				SDKROOT = iphoneos;
			};
			name = Debug;
		};
		DF9430E21A003A99007637B9 /* Release */ = {
			isa = XCBuildConfiguration;
			buildSettings = {
				ALWAYS_SEARCH_USER_PATHS = NO;
				CLANG_CXX_LANGUAGE_STANDARD = "gnu++0x";
				CLANG_CXX_LIBRARY = "libc++";
				CLANG_ENABLE_MODULES = YES;
				CLANG_ENABLE_OBJC_ARC = YES;
				CLANG_WARN_BOOL_CONVERSION = YES;
				CLANG_WARN_CONSTANT_CONVERSION = YES;
				CLANG_WARN_DIRECT_OBJC_ISA_USAGE = YES_ERROR;
				CLANG_WARN_EMPTY_BODY = YES;
				CLANG_WARN_ENUM_CONVERSION = YES;
				CLANG_WARN_INT_CONVERSION = YES;
				CLANG_WARN_OBJC_ROOT_CLASS = YES_ERROR;
				CLANG_WARN__DUPLICATE_METHOD_MATCH = YES;
				"CODE_SIGN_IDENTITY[sdk=iphoneos*]" = "iPhone Developer";
				COPY_PHASE_STRIP = YES;
				ENABLE_NS_ASSERTIONS = NO;
				GCC_C_LANGUAGE_STANDARD = gnu99;
				GCC_WARN_64_TO_32_BIT_CONVERSION = YES;
				GCC_WARN_ABOUT_RETURN_TYPE = YES_ERROR;
				GCC_WARN_UNDECLARED_SELECTOR = YES;
				GCC_WARN_UNINITIALIZED_AUTOS = YES_AGGRESSIVE;
				GCC_WARN_UNUSED_FUNCTION = YES;
				GCC_WARN_UNUSED_VARIABLE = YES;
				IPHONEOS_DEPLOYMENT_TARGET = 7.1;
				SDKROOT = iphoneos;
				VALIDATE_PRODUCT = YES;
			};
			name = Release;
		};
		DF9430E41A003A99007637B9 /* Debug */ = {
			isa = XCBuildConfiguration;
			buildSettings = {
				ASSETCATALOG_COMPILER_APPICON_NAME = AppIcon;
				ASSETCATALOG_COMPILER_LAUNCHIMAGE_NAME = LaunchImage;
				GCC_PRECOMPILE_PREFIX_HEADER = YES;
				GCC_PREFIX_HEADER = "ComDemo/ComDemo-Prefix.pch";
				INFOPLIST_FILE = "ComDemo/ComDemo-Info.plist";
				PRODUCT_NAME = "$(TARGET_NAME)";
				WRAPPER_EXTENSION = app;
			};
			name = Debug;
		};
		DF9430E51A003A99007637B9 /* Release */ = {
			isa = XCBuildConfiguration;
			buildSettings = {
				ASSETCATALOG_COMPILER_APPICON_NAME = AppIcon;
				ASSETCATALOG_COMPILER_LAUNCHIMAGE_NAME = LaunchImage;
				GCC_PRECOMPILE_PREFIX_HEADER = YES;
				GCC_PREFIX_HEADER = "ComDemo/ComDemo-Prefix.pch";
				INFOPLIST_FILE = "ComDemo/ComDemo-Info.plist";
				PRODUCT_NAME = "$(TARGET_NAME)";
				WRAPPER_EXTENSION = app;
			};
			name = Release;
		};
		DF9430E71A003A99007637B9 /* Debug */ = {
			isa = XCBuildConfiguration;
			buildSettings = {
				BUNDLE_LOADER = "$(BUILT_PRODUCTS_DIR)/ComDemo.app/ComDemo";
				FRAMEWORK_SEARCH_PATHS = (
					"$(SDKROOT)/Developer/Library/Frameworks",
					"$(inherited)",
					"$(DEVELOPER_FRAMEWORKS_DIR)",
				);
				GCC_PRECOMPILE_PREFIX_HEADER = YES;
				GCC_PREFIX_HEADER = "ComDemo/ComDemo-Prefix.pch";
				GCC_PREPROCESSOR_DEFINITIONS = (
					"DEBUG=1",
					"$(inherited)",
				);
				INFOPLIST_FILE = "ComDemoTests/ComDemoTests-Info.plist";
				PRODUCT_NAME = "$(TARGET_NAME)";
				TEST_HOST = "$(BUNDLE_LOADER)";
				WRAPPER_EXTENSION = xctest;
			};
			name = Debug;
		};
		DF9430E81A003A99007637B9 /* Release */ = {
			isa = XCBuildConfiguration;
			buildSettings = {
				BUNDLE_LOADER = "$(BUILT_PRODUCTS_DIR)/ComDemo.app/ComDemo";
				FRAMEWORK_SEARCH_PATHS = (
					"$(SDKROOT)/Developer/Library/Frameworks",
					"$(inherited)",
					"$(DEVELOPER_FRAMEWORKS_DIR)",
				);
				GCC_PRECOMPILE_PREFIX_HEADER = YES;
				GCC_PREFIX_HEADER = "ComDemo/ComDemo-Prefix.pch";
				INFOPLIST_FILE = "ComDemoTests/ComDemoTests-Info.plist";
				PRODUCT_NAME = "$(TARGET_NAME)";
				TEST_HOST = "$(BUNDLE_LOADER)";
				WRAPPER_EXTENSION = xctest;
			};
			name = Release;
		};
/* End XCBuildConfiguration section */

/* Begin XCConfigurationList section */
		DF9430AC1A003A98007637B9 /* Build configuration list for PBXProject "ComDemo" */ = {
			isa = XCConfigurationList;
			buildConfigurations = (
				DF9430E11A003A99007637B9 /* Debug */,
				DF9430E21A003A99007637B9 /* Release */,
			);
			defaultConfigurationIsVisible = 0;
			defaultConfigurationName = Release;
		};
		DF9430E31A003A99007637B9 /* Build configuration list for PBXNativeTarget "ComDemo" */ = {
			isa = XCConfigurationList;
			buildConfigurations = (
				DF9430E41A003A99007637B9 /* Debug */,
				DF9430E51A003A99007637B9 /* Release */,
			);
			defaultConfigurationIsVisible = 0;
		};
		DF9430E61A003A99007637B9 /* Build configuration list for PBXNativeTarget "ComDemoTests" */ = {
			isa = XCConfigurationList;
			buildConfigurations = (
				DF9430E71A003A99007637B9 /* Debug */,
				DF9430E81A003A99007637B9 /* Release */,
			);
			defaultConfigurationIsVisible = 0;
		};
/* End XCConfigurationList section */
	};
	rootObject = DF9430A91A003A98007637B9 /* Project object */;
}
