// !$*UTF8*$!
{
	archiveVersion = 1;
	classes = {
	};
	objectVersion = 46;
	objects = {

/* Begin PBXBuildFile section */
		5611213E1A253D2400126EB0 /* main.m in Sources */ = {isa = PBXBuildFile; fileRef = 5611213D1A253D2400126EB0 /* main.m */; };
		561121411A253D2400126EB0 /* AppDelegate.m in Sources */ = {isa = PBXBuildFile; fileRef = 561121401A253D2400126EB0 /* AppDelegate.m */; };
		561121441A253D2400126EB0 /* ViewController.m in Sources */ = {isa = PBXBuildFile; fileRef = 561121431A253D2400126EB0 /* ViewController.m */; };
		561121471A253D2400126EB0 /* Main.storyboard in Resources */ = {isa = PBXBuildFile; fileRef = 561121451A253D2400126EB0 /* Main.storyboard */; };
		561121491A253D2400126EB0 /* Images.xcassets in Resources */ = {isa = PBXBuildFile; fileRef = 561121481A253D2400126EB0 /* Images.xcassets */; };
		5611214C1A253D2400126EB0 /* LaunchScreen.xib in Resources */ = {isa = PBXBuildFile; fileRef = 5611214A1A253D2400126EB0 /* LaunchScreen.xib */; };
		561121581A253D2400126EB0 /* DocTalkTests.m in Sources */ = {isa = PBXBuildFile; fileRef = 561121571A253D2400126EB0 /* DocTalkTests.m */; };
/* End PBXBuildFile section */

/* Begin PBXContainerItemProxy section */
		561121521A253D2400126EB0 /* PBXContainerItemProxy */ = {
			isa = PBXContainerItemProxy;
			containerPortal = 561121301A253D2400126EB0 /* Project object */;
			proxyType = 1;
			remoteGlobalIDString = 561121371A253D2400126EB0;
			remoteInfo = DocTalk;
		};
/* End PBXContainerItemProxy section */

/* Begin PBXFileReference section */
		561121381A253D2400126EB0 /* DocTalk.app */ = {isa = PBXFileReference; explicitFileType = wrapper.application; includeInIndex = 0; path = DocTalk.app; sourceTree = BUILT_PRODUCTS_DIR; };
		5611213C1A253D2400126EB0 /* Info.plist */ = {isa = PBXFileReference; lastKnownFileType = text.plist.xml; path = Info.plist; sourceTree = "<group>"; };
		5611213D1A253D2400126EB0 /* main.m */ = {isa = PBXFileReference; lastKnownFileType = sourcecode.c.objc; path = main.m; sourceTree = "<group>"; };
		5611213F1A253D2400126EB0 /* AppDelegate.h */ = {isa = PBXFileReference; lastKnownFileType = sourcecode.c.h; path = AppDelegate.h; sourceTree = "<group>"; };
		561121401A253D2400126EB0 /* AppDelegate.m */ = {isa = PBXFileReference; lastKnownFileType = sourcecode.c.objc; path = AppDelegate.m; sourceTree = "<group>"; };
		561121421A253D2400126EB0 /* ViewController.h */ = {isa = PBXFileReference; lastKnownFileType = sourcecode.c.h; path = ViewController.h; sourceTree = "<group>"; };
		561121431A253D2400126EB0 /* ViewController.m */ = {isa = PBXFileReference; lastKnownFileType = sourcecode.c.objc; path = ViewController.m; sourceTree = "<group>"; };
		561121461A253D2400126EB0 /* Base */ = {isa = PBXFileReference; lastKnownFileType = file.storyboard; name = Base; path = Base.lproj/Main.storyboard; sourceTree = "<group>"; };
		561121481A253D2400126EB0 /* Images.xcassets */ = {isa = PBXFileReference; lastKnownFileType = folder.assetcatalog; path = Images.xcassets; sourceTree = "<group>"; };
		5611214B1A253D2400126EB0 /* Base */ = {isa = PBXFileReference; lastKnownFileType = file.xib; name = Base; path = Base.lproj/LaunchScreen.xib; sourceTree = "<group>"; };
		561121511A253D2400126EB0 /* DocTalkTests.xctest */ = {isa = PBXFileReference; explicitFileType = wrapper.cfbundle; includeInIndex = 0; path = DocTalkTests.xctest; sourceTree = BUILT_PRODUCTS_DIR; };
		561121561A253D2400126EB0 /* Info.plist */ = {isa = PBXFileReference; lastKnownFileType = text.plist.xml; path = Info.plist; sourceTree = "<group>"; };
		561121571A253D2400126EB0 /* DocTalkTests.m */ = {isa = PBXFileReference; lastKnownFileType = sourcecode.c.objc; path = DocTalkTests.m; sourceTree = "<group>"; };
/* End PBXFileReference section */

/* Begin PBXFrameworksBuildPhase section */
		561121351A253D2400126EB0 /* Frameworks */ = {
			isa = PBXFrameworksBuildPhase;
			buildActionMask = 2147483647;
			files = (
			);
			runOnlyForDeploymentPostprocessing = 0;
		};
		5611214E1A253D2400126EB0 /* Frameworks */ = {
			isa = PBXFrameworksBuildPhase;
			buildActionMask = 2147483647;
			files = (
			);
			runOnlyForDeploymentPostprocessing = 0;
		};
/* End PBXFrameworksBuildPhase section */

/* Begin PBXGroup section */
		5611212F1A253D2400126EB0 = {
			isa = PBXGroup;
			children = (
				5611213A1A253D2400126EB0 /* DocTalk */,
				561121541A253D2400126EB0 /* DocTalkTests */,
				561121391A253D2400126EB0 /* Products */,
			);
			sourceTree = "<group>";
		};
		561121391A253D2400126EB0 /* Products */ = {
			isa = PBXGroup;
			children = (
				561121381A253D2400126EB0 /* DocTalk.app */,
				561121511A253D2400126EB0 /* DocTalkTests.xctest */,
			);
			name = Products;
			sourceTree = "<group>";
		};
		5611213A1A253D2400126EB0 /* DocTalk */ = {
			isa = PBXGroup;
			children = (
				5611213F1A253D2400126EB0 /* AppDelegate.h */,
				561121401A253D2400126EB0 /* AppDelegate.m */,
				561121421A253D2400126EB0 /* ViewController.h */,
				561121431A253D2400126EB0 /* ViewController.m */,
				561121451A253D2400126EB0 /* Main.storyboard */,
				561121481A253D2400126EB0 /* Images.xcassets */,
				5611214A1A253D2400126EB0 /* LaunchScreen.xib */,
				5611213B1A253D2400126EB0 /* Supporting Files */,
			);
			path = DocTalk;
			sourceTree = "<group>";
		};
		5611213B1A253D2400126EB0 /* Supporting Files */ = {
			isa = PBXGroup;
			children = (
				5611213C1A253D2400126EB0 /* Info.plist */,
				5611213D1A253D2400126EB0 /* main.m */,
			);
			name = "Supporting Files";
			sourceTree = "<group>";
		};
		561121541A253D2400126EB0 /* DocTalkTests */ = {
			isa = PBXGroup;
			children = (
				561121571A253D2400126EB0 /* DocTalkTests.m */,
				561121551A253D2400126EB0 /* Supporting Files */,
			);
			path = DocTalkTests;
			sourceTree = "<group>";
		};
		561121551A253D2400126EB0 /* Supporting Files */ = {
			isa = PBXGroup;
			children = (
				561121561A253D2400126EB0 /* Info.plist */,
			);
			name = "Supporting Files";
			sourceTree = "<group>";
		};
/* End PBXGroup section */

/* Begin PBXNativeTarget section */
		561121371A253D2400126EB0 /* DocTalk */ = {
			isa = PBXNativeTarget;
			buildConfigurationList = 5611215B1A253D2400126EB0 /* Build configuration list for PBXNativeTarget "DocTalk" */;
			buildPhases = (
				561121341A253D2400126EB0 /* Sources */,
				561121351A253D2400126EB0 /* Frameworks */,
				561121361A253D2400126EB0 /* Resources */,
			);
			buildRules = (
			);
			dependencies = (
			);
			name = DocTalk;
			productName = DocTalk;
			productReference = 561121381A253D2400126EB0 /* DocTalk.app */;
			productType = "com.apple.product-type.application";
		};
		561121501A253D2400126EB0 /* DocTalkTests */ = {
			isa = PBXNativeTarget;
			buildConfigurationList = 5611215E1A253D2400126EB0 /* Build configuration list for PBXNativeTarget "DocTalkTests" */;
			buildPhases = (
				5611214D1A253D2400126EB0 /* Sources */,
				5611214E1A253D2400126EB0 /* Frameworks */,
				5611214F1A253D2400126EB0 /* Resources */,
			);
			buildRules = (
			);
			dependencies = (
				561121531A253D2400126EB0 /* PBXTargetDependency */,
			);
			name = DocTalkTests;
			productName = DocTalkTests;
			productReference = 561121511A253D2400126EB0 /* DocTalkTests.xctest */;
			productType = "com.apple.product-type.bundle.unit-test";
		};
/* End PBXNativeTarget section */

/* Begin PBXProject section */
		561121301A253D2400126EB0 /* Project object */ = {
			isa = PBXProject;
			attributes = {
				LastUpgradeCheck = 0600;
				ORGANIZATIONNAME = "Capstone Group 65";
				TargetAttributes = {
					561121371A253D2400126EB0 = {
						CreatedOnToolsVersion = 6.0.1;
					};
					561121501A253D2400126EB0 = {
						CreatedOnToolsVersion = 6.0.1;
						TestTargetID = 561121371A253D2400126EB0;
					};
				};
			};
			buildConfigurationList = 561121331A253D2400126EB0 /* Build configuration list for PBXProject "DocTalk" */;
			compatibilityVersion = "Xcode 3.2";
			developmentRegion = English;
			hasScannedForEncodings = 0;
			knownRegions = (
				en,
				Base,
			);
			mainGroup = 5611212F1A253D2400126EB0;
			productRefGroup = 561121391A253D2400126EB0 /* Products */;
			projectDirPath = "";
			projectRoot = "";
			targets = (
				561121371A253D2400126EB0 /* DocTalk */,
				561121501A253D2400126EB0 /* DocTalkTests */,
			);
		};
/* End PBXProject section */

/* Begin PBXResourcesBuildPhase section */
		561121361A253D2400126EB0 /* Resources */ = {
			isa = PBXResourcesBuildPhase;
			buildActionMask = 2147483647;
			files = (
				561121471A253D2400126EB0 /* Main.storyboard in Resources */,
				5611214C1A253D2400126EB0 /* LaunchScreen.xib in Resources */,
				561121491A253D2400126EB0 /* Images.xcassets in Resources */,
			);
			runOnlyForDeploymentPostprocessing = 0;
		};
		5611214F1A253D2400126EB0 /* Resources */ = {
			isa = PBXResourcesBuildPhase;
			buildActionMask = 2147483647;
			files = (
			);
			runOnlyForDeploymentPostprocessing = 0;
		};
/* End PBXResourcesBuildPhase section */

/* Begin PBXSourcesBuildPhase section */
		561121341A253D2400126EB0 /* Sources */ = {
			isa = PBXSourcesBuildPhase;
			buildActionMask = 2147483647;
			files = (
				561121441A253D2400126EB0 /* ViewController.m in Sources */,
				561121411A253D2400126EB0 /* AppDelegate.m in Sources */,
				5611213E1A253D2400126EB0 /* main.m in Sources */,
			);
			runOnlyForDeploymentPostprocessing = 0;
		};
		5611214D1A253D2400126EB0 /* Sources */ = {
			isa = PBXSourcesBuildPhase;
			buildActionMask = 2147483647;
			files = (
				561121581A253D2400126EB0 /* DocTalkTests.m in Sources */,
			);
			runOnlyForDeploymentPostprocessing = 0;
		};
/* End PBXSourcesBuildPhase section */

/* Begin PBXTargetDependency section */
		561121531A253D2400126EB0 /* PBXTargetDependency */ = {
			isa = PBXTargetDependency;
			target = 561121371A253D2400126EB0 /* DocTalk */;
			targetProxy = 561121521A253D2400126EB0 /* PBXContainerItemProxy */;
		};
/* End PBXTargetDependency section */

/* Begin PBXVariantGroup section */
		561121451A253D2400126EB0 /* Main.storyboard */ = {
			isa = PBXVariantGroup;
			children = (
				561121461A253D2400126EB0 /* Base */,
			);
			name = Main.storyboard;
			sourceTree = "<group>";
		};
		5611214A1A253D2400126EB0 /* LaunchScreen.xib */ = {
			isa = PBXVariantGroup;
			children = (
				5611214B1A253D2400126EB0 /* Base */,
			);
			name = LaunchScreen.xib;
			sourceTree = "<group>";
		};
/* End PBXVariantGroup section */

/* Begin XCBuildConfiguration section */
		561121591A253D2400126EB0 /* Debug */ = {
			isa = XCBuildConfiguration;
			buildSettings = {
				ALWAYS_SEARCH_USER_PATHS = NO;
				CLANG_CXX_LANGUAGE_STANDARD = "gnu++0x";
				CLANG_CXX_LIBRARY = "libc++";
				CLANG_ENABLE_MODULES = YES;
				CLANG_ENABLE_OBJC_ARC = YES;
				CLANG_WARN_BOOL_CONVERSION = YES;
				CLANG_WARN_CONSTANT_CONVERSION = YES;
				CLANG_WARN_DIRECT_OBJC_ISA_USAGE = YES_ERROR;
				CLANG_WARN_EMPTY_BODY = YES;
				CLANG_WARN_ENUM_CONVERSION = YES;
				CLANG_WARN_INT_CONVERSION = YES;
				CLANG_WARN_OBJC_ROOT_CLASS = YES_ERROR;
				CLANG_WARN_UNREACHABLE_CODE = YES;
				CLANG_WARN__DUPLICATE_METHOD_MATCH = YES;
				"CODE_SIGN_IDENTITY[sdk=iphoneos*]" = "iPhone Developer";
				COPY_PHASE_STRIP = NO;
				ENABLE_STRICT_OBJC_MSGSEND = YES;
				GCC_C_LANGUAGE_STANDARD = gnu99;
				GCC_DYNAMIC_NO_PIC = NO;
				GCC_OPTIMIZATION_LEVEL = 0;
				GCC_PREPROCESSOR_DEFINITIONS = (
					"DEBUG=1",
					"$(inherited)",
				);
				GCC_SYMBOLS_PRIVATE_EXTERN = NO;
				GCC_WARN_64_TO_32_BIT_CONVERSION = YES;
				GCC_WARN_ABOUT_RETURN_TYPE = YES_ERROR;
				GCC_WARN_UNDECLARED_SELECTOR = YES;
				GCC_WARN_UNINITIALIZED_AUTOS = YES_AGGRESSIVE;
				GCC_WARN_UNUSED_FUNCTION = YES;
				GCC_WARN_UNUSED_VARIABLE = YES;
				IPHONEOS_DEPLOYMENT_TARGET = 8.0;
				MTL_ENABLE_DEBUG_INFO = YES;
				ONLY_ACTIVE_ARCH = YES;
				SDKROOT = iphoneos;
			};
			name = Debug;
		};
		5611215A1A253D2400126EB0 /* Release */ = {
			isa = XCBuildConfiguration;
			buildSettings = {
				ALWAYS_SEARCH_USER_PATHS = NO;
				CLANG_CXX_LANGUAGE_STANDARD = "gnu++0x";
				CLANG_CXX_LIBRARY = "libc++";
				CLANG_ENABLE_MODULES = YES;
				CLANG_ENABLE_OBJC_ARC = YES;
				CLANG_WARN_BOOL_CONVERSION = YES;
				CLANG_WARN_CONSTANT_CONVERSION = YES;
				CLANG_WARN_DIRECT_OBJC_ISA_USAGE = YES_ERROR;
				CLANG_WARN_EMPTY_BODY = YES;
				CLANG_WARN_ENUM_CONVERSION = YES;
				CLANG_WARN_INT_CONVERSION = YES;
				CLANG_WARN_OBJC_ROOT_CLASS = YES_ERROR;
				CLANG_WARN_UNREACHABLE_CODE = YES;
				CLANG_WARN__DUPLICATE_METHOD_MATCH = YES;
				"CODE_SIGN_IDENTITY[sdk=iphoneos*]" = "iPhone Developer";
				COPY_PHASE_STRIP = YES;
				ENABLE_NS_ASSERTIONS = NO;
				ENABLE_STRICT_OBJC_MSGSEND = YES;
				GCC_C_LANGUAGE_STANDARD = gnu99;
				GCC_WARN_64_TO_32_BIT_CONVERSION = YES;
				GCC_WARN_ABOUT_RETURN_TYPE = YES_ERROR;
				GCC_WARN_UNDECLARED_SELECTOR = YES;
				GCC_WARN_UNINITIALIZED_AUTOS = YES_AGGRESSIVE;
				GCC_WARN_UNUSED_FUNCTION = YES;
				GCC_WARN_UNUSED_VARIABLE = YES;
				IPHONEOS_DEPLOYMENT_TARGET = 8.0;
				MTL_ENABLE_DEBUG_INFO = NO;
				SDKROOT = iphoneos;
				VALIDATE_PRODUCT = YES;
			};
			name = Release;
		};
		5611215C1A253D2400126EB0 /* Debug */ = {
			isa = XCBuildConfiguration;
			buildSettings = {
				ASSETCATALOG_COMPILER_APPICON_NAME = AppIcon;
				INFOPLIST_FILE = DocTalk/Info.plist;
				LD_RUNPATH_SEARCH_PATHS = "$(inherited) @executable_path/Frameworks";
				PRODUCT_NAME = "$(TARGET_NAME)";
			};
			name = Debug;
		};
		5611215D1A253D2400126EB0 /* Release */ = {
			isa = XCBuildConfiguration;
			buildSettings = {
				ASSETCATALOG_COMPILER_APPICON_NAME = AppIcon;
				INFOPLIST_FILE = DocTalk/Info.plist;
				LD_RUNPATH_SEARCH_PATHS = "$(inherited) @executable_path/Frameworks";
				PRODUCT_NAME = "$(TARGET_NAME)";
			};
			name = Release;
		};
		5611215F1A253D2400126EB0 /* Debug */ = {
			isa = XCBuildConfiguration;
			buildSettings = {
				BUNDLE_LOADER = "$(TEST_HOST)";
				FRAMEWORK_SEARCH_PATHS = (
					"$(SDKROOT)/Developer/Library/Frameworks",
					"$(inherited)",
				);
				GCC_PREPROCESSOR_DEFINITIONS = (
					"DEBUG=1",
					"$(inherited)",
				);
				INFOPLIST_FILE = DocTalkTests/Info.plist;
				LD_RUNPATH_SEARCH_PATHS = "$(inherited) @executable_path/Frameworks @loader_path/Frameworks";
				PRODUCT_NAME = "$(TARGET_NAME)";
				TEST_HOST = "$(BUILT_PRODUCTS_DIR)/DocTalk.app/DocTalk";
			};
			name = Debug;
		};
		561121601A253D2400126EB0 /* Release */ = {
			isa = XCBuildConfiguration;
			buildSettings = {
				BUNDLE_LOADER = "$(TEST_HOST)";
				FRAMEWORK_SEARCH_PATHS = (
					"$(SDKROOT)/Developer/Library/Frameworks",
					"$(inherited)",
				);
				INFOPLIST_FILE = DocTalkTests/Info.plist;
				LD_RUNPATH_SEARCH_PATHS = "$(inherited) @executable_path/Frameworks @loader_path/Frameworks";
				PRODUCT_NAME = "$(TARGET_NAME)";
				TEST_HOST = "$(BUILT_PRODUCTS_DIR)/DocTalk.app/DocTalk";
			};
			name = Release;
		};
/* End XCBuildConfiguration section */

/* Begin XCConfigurationList section */
		561121331A253D2400126EB0 /* Build configuration list for PBXProject "DocTalk" */ = {
			isa = XCConfigurationList;
			buildConfigurations = (
				561121591A253D2400126EB0 /* Debug */,
				5611215A1A253D2400126EB0 /* Release */,
			);
			defaultConfigurationIsVisible = 0;
			defaultConfigurationName = Release;
		};
		5611215B1A253D2400126EB0 /* Build configuration list for PBXNativeTarget "DocTalk" */ = {
			isa = XCConfigurationList;
			buildConfigurations = (
				5611215C1A253D2400126EB0 /* Debug */,
				5611215D1A253D2400126EB0 /* Release */,
			);
			defaultConfigurationIsVisible = 0;
		};
		5611215E1A253D2400126EB0 /* Build configuration list for PBXNativeTarget "DocTalkTests" */ = {
			isa = XCConfigurationList;
			buildConfigurations = (
				5611215F1A253D2400126EB0 /* Debug */,
				561121601A253D2400126EB0 /* Release */,
			);
			defaultConfigurationIsVisible = 0;
		};
/* End XCConfigurationList section */
	};
	rootObject = 561121301A253D2400126EB0 /* Project object */;
}
