// !$*UTF8*$!
{
	archiveVersion = 1;
	classes = {
	};
	objectVersion = 46;
	objects = {

/* Begin PBXBuildFile section */
		7DAEF6161A28300F00075181 /* main.m in Sources */ = {isa = PBXBuildFile; fileRef = 7DAEF6151A28300F00075181 /* main.m */; };
		7DAEF6191A28300F00075181 /* AppDelegate.m in Sources */ = {isa = PBXBuildFile; fileRef = 7DAEF6181A28300F00075181 /* AppDelegate.m */; };
		7DAEF61C1A28300F00075181 /* FirstViewController.m in Sources */ = {isa = PBXBuildFile; fileRef = 7DAEF61B1A28300F00075181 /* FirstViewController.m */; };
		7DAEF6221A28300F00075181 /* Main.storyboard in Resources */ = {isa = PBXBuildFile; fileRef = 7DAEF6201A28300F00075181 /* Main.storyboard */; };
		7DAEF6241A28300F00075181 /* Images.xcassets in Resources */ = {isa = PBXBuildFile; fileRef = 7DAEF6231A28300F00075181 /* Images.xcassets */; };
		7DAEF6271A28300F00075181 /* LaunchScreen.xib in Resources */ = {isa = PBXBuildFile; fileRef = 7DAEF6251A28300F00075181 /* LaunchScreen.xib */; };
		7DAEF6331A28300F00075181 /* SQLTests.m in Sources */ = {isa = PBXBuildFile; fileRef = 7DAEF6321A28300F00075181 /* SQLTests.m */; };
		7DAEF63E1A2830AB00075181 /* SecondViewController.m in Sources */ = {isa = PBXBuildFile; fileRef = 7DAEF63D1A2830AB00075181 /* SecondViewController.m */; };
/* End PBXBuildFile section */

/* Begin PBXContainerItemProxy section */
		7DAEF62D1A28300F00075181 /* PBXContainerItemProxy */ = {
			isa = PBXContainerItemProxy;
			containerPortal = 7DAEF6081A28300F00075181 /* Project object */;
			proxyType = 1;
			remoteGlobalIDString = 7DAEF60F1A28300F00075181;
			remoteInfo = SQL;
		};
/* End PBXContainerItemProxy section */

/* Begin PBXFileReference section */
		7DAEF6101A28300F00075181 /* SQL.app */ = {isa = PBXFileReference; explicitFileType = wrapper.application; includeInIndex = 0; path = SQL.app; sourceTree = BUILT_PRODUCTS_DIR; };
		7DAEF6141A28300F00075181 /* Info.plist */ = {isa = PBXFileReference; lastKnownFileType = text.plist.xml; path = Info.plist; sourceTree = "<group>"; };
		7DAEF6151A28300F00075181 /* main.m */ = {isa = PBXFileReference; lastKnownFileType = sourcecode.c.objc; path = main.m; sourceTree = "<group>"; };
		7DAEF6171A28300F00075181 /* AppDelegate.h */ = {isa = PBXFileReference; lastKnownFileType = sourcecode.c.h; path = AppDelegate.h; sourceTree = "<group>"; };
		7DAEF6181A28300F00075181 /* AppDelegate.m */ = {isa = PBXFileReference; lastKnownFileType = sourcecode.c.objc; path = AppDelegate.m; sourceTree = "<group>"; };
		7DAEF61A1A28300F00075181 /* FirstViewController.h */ = {isa = PBXFileReference; lastKnownFileType = sourcecode.c.h; path = FirstViewController.h; sourceTree = "<group>"; };
		7DAEF61B1A28300F00075181 /* FirstViewController.m */ = {isa = PBXFileReference; lastKnownFileType = sourcecode.c.objc; path = FirstViewController.m; sourceTree = "<group>"; };
		7DAEF6211A28300F00075181 /* Base */ = {isa = PBXFileReference; lastKnownFileType = file.storyboard; name = Base; path = Base.lproj/Main.storyboard; sourceTree = "<group>"; };
		7DAEF6231A28300F00075181 /* Images.xcassets */ = {isa = PBXFileReference; lastKnownFileType = folder.assetcatalog; path = Images.xcassets; sourceTree = "<group>"; };
		7DAEF6261A28300F00075181 /* Base */ = {isa = PBXFileReference; lastKnownFileType = file.xib; name = Base; path = Base.lproj/LaunchScreen.xib; sourceTree = "<group>"; };
		7DAEF62C1A28300F00075181 /* SQLTests.xctest */ = {isa = PBXFileReference; explicitFileType = wrapper.cfbundle; includeInIndex = 0; path = SQLTests.xctest; sourceTree = BUILT_PRODUCTS_DIR; };
		7DAEF6311A28300F00075181 /* Info.plist */ = {isa = PBXFileReference; lastKnownFileType = text.plist.xml; path = Info.plist; sourceTree = "<group>"; };
		7DAEF6321A28300F00075181 /* SQLTests.m */ = {isa = PBXFileReference; lastKnownFileType = sourcecode.c.objc; path = SQLTests.m; sourceTree = "<group>"; };
		7DAEF63C1A2830AB00075181 /* SecondViewController.h */ = {isa = PBXFileReference; fileEncoding = 4; lastKnownFileType = sourcecode.c.h; path = SecondViewController.h; sourceTree = "<group>"; };
		7DAEF63D1A2830AB00075181 /* SecondViewController.m */ = {isa = PBXFileReference; fileEncoding = 4; lastKnownFileType = sourcecode.c.objc; path = SecondViewController.m; sourceTree = "<group>"; };
/* End PBXFileReference section */

/* Begin PBXFrameworksBuildPhase section */
		7DAEF60D1A28300F00075181 /* Frameworks */ = {
			isa = PBXFrameworksBuildPhase;
			buildActionMask = 2147483647;
			files = (
			);
			runOnlyForDeploymentPostprocessing = 0;
		};
		7DAEF6291A28300F00075181 /* Frameworks */ = {
			isa = PBXFrameworksBuildPhase;
			buildActionMask = 2147483647;
			files = (
			);
			runOnlyForDeploymentPostprocessing = 0;
		};
/* End PBXFrameworksBuildPhase section */

/* Begin PBXGroup section */
		7DAEF6071A28300F00075181 = {
			isa = PBXGroup;
			children = (
				7DAEF6121A28300F00075181 /* SQL */,
				7DAEF62F1A28300F00075181 /* SQLTests */,
				7DAEF6111A28300F00075181 /* Products */,
			);
			sourceTree = "<group>";
		};
		7DAEF6111A28300F00075181 /* Products */ = {
			isa = PBXGroup;
			children = (
				7DAEF6101A28300F00075181 /* SQL.app */,
				7DAEF62C1A28300F00075181 /* SQLTests.xctest */,
			);
			name = Products;
			sourceTree = "<group>";
		};
		7DAEF6121A28300F00075181 /* SQL */ = {
			isa = PBXGroup;
			children = (
				7DAEF6171A28300F00075181 /* AppDelegate.h */,
				7DAEF6181A28300F00075181 /* AppDelegate.m */,
				7DAEF63C1A2830AB00075181 /* SecondViewController.h */,
				7DAEF63D1A2830AB00075181 /* SecondViewController.m */,
				7DAEF61A1A28300F00075181 /* FirstViewController.h */,
				7DAEF61B1A28300F00075181 /* FirstViewController.m */,
				7DAEF6201A28300F00075181 /* Main.storyboard */,
				7DAEF6231A28300F00075181 /* Images.xcassets */,
				7DAEF6251A28300F00075181 /* LaunchScreen.xib */,
				7DAEF6131A28300F00075181 /* Supporting Files */,
			);
			path = SQL;
			sourceTree = "<group>";
		};
		7DAEF6131A28300F00075181 /* Supporting Files */ = {
			isa = PBXGroup;
			children = (
				7DAEF6141A28300F00075181 /* Info.plist */,
				7DAEF6151A28300F00075181 /* main.m */,
			);
			name = "Supporting Files";
			sourceTree = "<group>";
		};
		7DAEF62F1A28300F00075181 /* SQLTests */ = {
			isa = PBXGroup;
			children = (
				7DAEF6321A28300F00075181 /* SQLTests.m */,
				7DAEF6301A28300F00075181 /* Supporting Files */,
			);
			path = SQLTests;
			sourceTree = "<group>";
		};
		7DAEF6301A28300F00075181 /* Supporting Files */ = {
			isa = PBXGroup;
			children = (
				7DAEF6311A28300F00075181 /* Info.plist */,
			);
			name = "Supporting Files";
			sourceTree = "<group>";
		};
/* End PBXGroup section */

/* Begin PBXNativeTarget section */
		7DAEF60F1A28300F00075181 /* SQL */ = {
			isa = PBXNativeTarget;
			buildConfigurationList = 7DAEF6361A28300F00075181 /* Build configuration list for PBXNativeTarget "SQL" */;
			buildPhases = (
				7DAEF60C1A28300F00075181 /* Sources */,
				7DAEF60D1A28300F00075181 /* Frameworks */,
				7DAEF60E1A28300F00075181 /* Resources */,
			);
			buildRules = (
			);
			dependencies = (
			);
			name = SQL;
			productName = SQL;
			productReference = 7DAEF6101A28300F00075181 /* SQL.app */;
			productType = "com.apple.product-type.application";
		};
		7DAEF62B1A28300F00075181 /* SQLTests */ = {
			isa = PBXNativeTarget;
			buildConfigurationList = 7DAEF6391A28300F00075181 /* Build configuration list for PBXNativeTarget "SQLTests" */;
			buildPhases = (
				7DAEF6281A28300F00075181 /* Sources */,
				7DAEF6291A28300F00075181 /* Frameworks */,
				7DAEF62A1A28300F00075181 /* Resources */,
			);
			buildRules = (
			);
			dependencies = (
				7DAEF62E1A28300F00075181 /* PBXTargetDependency */,
			);
			name = SQLTests;
			productName = SQLTests;
			productReference = 7DAEF62C1A28300F00075181 /* SQLTests.xctest */;
			productType = "com.apple.product-type.bundle.unit-test";
		};
/* End PBXNativeTarget section */

/* Begin PBXProject section */
		7DAEF6081A28300F00075181 /* Project object */ = {
			isa = PBXProject;
			attributes = {
				LastUpgradeCheck = 0610;
				ORGANIZATIONNAME = "Randy Or";
				TargetAttributes = {
					7DAEF60F1A28300F00075181 = {
						CreatedOnToolsVersion = 6.1;
					};
					7DAEF62B1A28300F00075181 = {
						CreatedOnToolsVersion = 6.1;
						TestTargetID = 7DAEF60F1A28300F00075181;
					};
				};
			};
			buildConfigurationList = 7DAEF60B1A28300F00075181 /* Build configuration list for PBXProject "SQL" */;
			compatibilityVersion = "Xcode 3.2";
			developmentRegion = English;
			hasScannedForEncodings = 0;
			knownRegions = (
				en,
				Base,
			);
			mainGroup = 7DAEF6071A28300F00075181;
			productRefGroup = 7DAEF6111A28300F00075181 /* Products */;
			projectDirPath = "";
			projectRoot = "";
			targets = (
				7DAEF60F1A28300F00075181 /* SQL */,
				7DAEF62B1A28300F00075181 /* SQLTests */,
			);
		};
/* End PBXProject section */

/* Begin PBXResourcesBuildPhase section */
		7DAEF60E1A28300F00075181 /* Resources */ = {
			isa = PBXResourcesBuildPhase;
			buildActionMask = 2147483647;
			files = (
				7DAEF6221A28300F00075181 /* Main.storyboard in Resources */,
				7DAEF6271A28300F00075181 /* LaunchScreen.xib in Resources */,
				7DAEF6241A28300F00075181 /* Images.xcassets in Resources */,
			);
			runOnlyForDeploymentPostprocessing = 0;
		};
		7DAEF62A1A28300F00075181 /* Resources */ = {
			isa = PBXResourcesBuildPhase;
			buildActionMask = 2147483647;
			files = (
			);
			runOnlyForDeploymentPostprocessing = 0;
		};
/* End PBXResourcesBuildPhase section */

/* Begin PBXSourcesBuildPhase section */
		7DAEF60C1A28300F00075181 /* Sources */ = {
			isa = PBXSourcesBuildPhase;
			buildActionMask = 2147483647;
			files = (
				7DAEF63E1A2830AB00075181 /* SecondViewController.m in Sources */,
				7DAEF6191A28300F00075181 /* AppDelegate.m in Sources */,
				7DAEF61C1A28300F00075181 /* FirstViewController.m in Sources */,
				7DAEF6161A28300F00075181 /* main.m in Sources */,
			);
			runOnlyForDeploymentPostprocessing = 0;
		};
		7DAEF6281A28300F00075181 /* Sources */ = {
			isa = PBXSourcesBuildPhase;
			buildActionMask = 2147483647;
			files = (
				7DAEF6331A28300F00075181 /* SQLTests.m in Sources */,
			);
			runOnlyForDeploymentPostprocessing = 0;
		};
/* End PBXSourcesBuildPhase section */

/* Begin PBXTargetDependency section */
		7DAEF62E1A28300F00075181 /* PBXTargetDependency */ = {
			isa = PBXTargetDependency;
			target = 7DAEF60F1A28300F00075181 /* SQL */;
			targetProxy = 7DAEF62D1A28300F00075181 /* PBXContainerItemProxy */;
		};
/* End PBXTargetDependency section */

/* Begin PBXVariantGroup section */
		7DAEF6201A28300F00075181 /* Main.storyboard */ = {
			isa = PBXVariantGroup;
			children = (
				7DAEF6211A28300F00075181 /* Base */,
			);
			name = Main.storyboard;
			sourceTree = "<group>";
		};
		7DAEF6251A28300F00075181 /* LaunchScreen.xib */ = {
			isa = PBXVariantGroup;
			children = (
				7DAEF6261A28300F00075181 /* Base */,
			);
			name = LaunchScreen.xib;
			sourceTree = "<group>";
		};
/* End PBXVariantGroup section */

/* Begin XCBuildConfiguration section */
		7DAEF6341A28300F00075181 /* Debug */ = {
			isa = XCBuildConfiguration;
			buildSettings = {
				ALWAYS_SEARCH_USER_PATHS = NO;
				CLANG_CXX_LANGUAGE_STANDARD = "gnu++0x";
				CLANG_CXX_LIBRARY = "libc++";
				CLANG_ENABLE_MODULES = YES;
				CLANG_ENABLE_OBJC_ARC = YES;
				CLANG_WARN_BOOL_CONVERSION = YES;
				CLANG_WARN_CONSTANT_CONVERSION = YES;
				CLANG_WARN_DIRECT_OBJC_ISA_USAGE = YES_ERROR;
				CLANG_WARN_EMPTY_BODY = YES;
				CLANG_WARN_ENUM_CONVERSION = YES;
				CLANG_WARN_INT_CONVERSION = YES;
				CLANG_WARN_OBJC_ROOT_CLASS = YES_ERROR;
				CLANG_WARN_UNREACHABLE_CODE = YES;
				CLANG_WARN__DUPLICATE_METHOD_MATCH = YES;
				"CODE_SIGN_IDENTITY[sdk=iphoneos*]" = "iPhone Developer";
				COPY_PHASE_STRIP = NO;
				ENABLE_STRICT_OBJC_MSGSEND = YES;
				GCC_C_LANGUAGE_STANDARD = gnu99;
				GCC_DYNAMIC_NO_PIC = NO;
				GCC_OPTIMIZATION_LEVEL = 0;
				GCC_PREPROCESSOR_DEFINITIONS = (
					"DEBUG=1",
					"$(inherited)",
				);
				GCC_SYMBOLS_PRIVATE_EXTERN = NO;
				GCC_WARN_64_TO_32_BIT_CONVERSION = YES;
				GCC_WARN_ABOUT_RETURN_TYPE = YES_ERROR;
				GCC_WARN_UNDECLARED_SELECTOR = YES;
				GCC_WARN_UNINITIALIZED_AUTOS = YES_AGGRESSIVE;
				GCC_WARN_UNUSED_FUNCTION = YES;
				GCC_WARN_UNUSED_VARIABLE = YES;
				IPHONEOS_DEPLOYMENT_TARGET = 8.1;
				MTL_ENABLE_DEBUG_INFO = YES;
				ONLY_ACTIVE_ARCH = YES;
				SDKROOT = iphoneos;
			};
			name = Debug;
		};
		7DAEF6351A28300F00075181 /* Release */ = {
			isa = XCBuildConfiguration;
			buildSettings = {
				ALWAYS_SEARCH_USER_PATHS = NO;
				CLANG_CXX_LANGUAGE_STANDARD = "gnu++0x";
				CLANG_CXX_LIBRARY = "libc++";
				CLANG_ENABLE_MODULES = YES;
				CLANG_ENABLE_OBJC_ARC = YES;
				CLANG_WARN_BOOL_CONVERSION = YES;
				CLANG_WARN_CONSTANT_CONVERSION = YES;
				CLANG_WARN_DIRECT_OBJC_ISA_USAGE = YES_ERROR;
				CLANG_WARN_EMPTY_BODY = YES;
				CLANG_WARN_ENUM_CONVERSION = YES;
				CLANG_WARN_INT_CONVERSION = YES;
				CLANG_WARN_OBJC_ROOT_CLASS = YES_ERROR;
				CLANG_WARN_UNREACHABLE_CODE = YES;
				CLANG_WARN__DUPLICATE_METHOD_MATCH = YES;
				"CODE_SIGN_IDENTITY[sdk=iphoneos*]" = "iPhone Developer";
				COPY_PHASE_STRIP = YES;
				ENABLE_NS_ASSERTIONS = NO;
				ENABLE_STRICT_OBJC_MSGSEND = YES;
				GCC_C_LANGUAGE_STANDARD = gnu99;
				GCC_WARN_64_TO_32_BIT_CONVERSION = YES;
				GCC_WARN_ABOUT_RETURN_TYPE = YES_ERROR;
				GCC_WARN_UNDECLARED_SELECTOR = YES;
				GCC_WARN_UNINITIALIZED_AUTOS = YES_AGGRESSIVE;
				GCC_WARN_UNUSED_FUNCTION = YES;
				GCC_WARN_UNUSED_VARIABLE = YES;
				IPHONEOS_DEPLOYMENT_TARGET = 8.1;
				MTL_ENABLE_DEBUG_INFO = NO;
				SDKROOT = iphoneos;
				VALIDATE_PRODUCT = YES;
			};
			name = Release;
		};
		7DAEF6371A28300F00075181 /* Debug */ = {
			isa = XCBuildConfiguration;
			buildSettings = {
				ASSETCATALOG_COMPILER_APPICON_NAME = AppIcon;
				INFOPLIST_FILE = SQL/Info.plist;
				LD_RUNPATH_SEARCH_PATHS = "$(inherited) @executable_path/Frameworks";
				PRODUCT_NAME = "$(TARGET_NAME)";
			};
			name = Debug;
		};
		7DAEF6381A28300F00075181 /* Release */ = {
			isa = XCBuildConfiguration;
			buildSettings = {
				ASSETCATALOG_COMPILER_APPICON_NAME = AppIcon;
				INFOPLIST_FILE = SQL/Info.plist;
				LD_RUNPATH_SEARCH_PATHS = "$(inherited) @executable_path/Frameworks";
				PRODUCT_NAME = "$(TARGET_NAME)";
			};
			name = Release;
		};
		7DAEF63A1A28300F00075181 /* Debug */ = {
			isa = XCBuildConfiguration;
			buildSettings = {
				BUNDLE_LOADER = "$(TEST_HOST)";
				FRAMEWORK_SEARCH_PATHS = (
					"$(SDKROOT)/Developer/Library/Frameworks",
					"$(inherited)",
				);
				GCC_PREPROCESSOR_DEFINITIONS = (
					"DEBUG=1",
					"$(inherited)",
				);
				INFOPLIST_FILE = SQLTests/Info.plist;
				LD_RUNPATH_SEARCH_PATHS = "$(inherited) @executable_path/Frameworks @loader_path/Frameworks";
				PRODUCT_NAME = "$(TARGET_NAME)";
				TEST_HOST = "$(BUILT_PRODUCTS_DIR)/SQL.app/SQL";
			};
			name = Debug;
		};
		7DAEF63B1A28300F00075181 /* Release */ = {
			isa = XCBuildConfiguration;
			buildSettings = {
				BUNDLE_LOADER = "$(TEST_HOST)";
				FRAMEWORK_SEARCH_PATHS = (
					"$(SDKROOT)/Developer/Library/Frameworks",
					"$(inherited)",
				);
				INFOPLIST_FILE = SQLTests/Info.plist;
				LD_RUNPATH_SEARCH_PATHS = "$(inherited) @executable_path/Frameworks @loader_path/Frameworks";
				PRODUCT_NAME = "$(TARGET_NAME)";
				TEST_HOST = "$(BUILT_PRODUCTS_DIR)/SQL.app/SQL";
			};
			name = Release;
		};
/* End XCBuildConfiguration section */

/* Begin XCConfigurationList section */
		7DAEF60B1A28300F00075181 /* Build configuration list for PBXProject "SQL" */ = {
			isa = XCConfigurationList;
			buildConfigurations = (
				7DAEF6341A28300F00075181 /* Debug */,
				7DAEF6351A28300F00075181 /* Release */,
			);
			defaultConfigurationIsVisible = 0;
			defaultConfigurationName = Release;
		};
		7DAEF6361A28300F00075181 /* Build configuration list for PBXNativeTarget "SQL" */ = {
			isa = XCConfigurationList;
			buildConfigurations = (
				7DAEF6371A28300F00075181 /* Debug */,
				7DAEF6381A28300F00075181 /* Release */,
			);
			defaultConfigurationIsVisible = 0;
		};
		7DAEF6391A28300F00075181 /* Build configuration list for PBXNativeTarget "SQLTests" */ = {
			isa = XCConfigurationList;
			buildConfigurations = (
				7DAEF63A1A28300F00075181 /* Debug */,
				7DAEF63B1A28300F00075181 /* Release */,
			);
			defaultConfigurationIsVisible = 0;
		};
/* End XCConfigurationList section */
	};
	rootObject = 7DAEF6081A28300F00075181 /* Project object */;
}
